
Microsoft Visual Studio Solution File, Format Version 12.00
# Visual Studio Version 17
VisualStudioVersion = 17.13.35818.85 d17.13
MinimumVisualStudioVersion = 10.0.40219.1
Project("{FAE04EC0-301F-11D3-BF4B-00C04F79EFBC}") = "WindowsFormsApp1", "WindowsFormsApp1.csproj", "{724F5EE7-6EC3-45F2-965C-A9E1F324B1DD}"
EndProject
Global
	GlobalSection(SolutionConfigurationPlatforms) = preSolution
		Debug|Any CPU = Debug|Any CPU
		Release|Any CPU = Release|Any CPU
	EndGlobalSection
	GlobalSection(ProjectConfigurationPlatforms) = postSolution
		{724F5EE7-6EC3-45F2-965C-A9E1F324B1DD}.Debug|Any CPU.ActiveCfg = Debug|Any CPU
		{724F5EE7-6EC3-45F2-965C-A9E1F324B1DD}.Debug|Any CPU.Build.0 = Debug|Any CPU
		{724F5EE7-6EC3-45F2-965C-A9E1F324B1DD}.Release|Any CPU.ActiveCfg = Release|Any CPU
		{724F5EE7-6EC3-45F2-965C-A9E1F324B1DD}.Release|Any CPU.Build.0 = Release|Any CPU
	EndGlobalSection
	GlobalSection(SolutionProperties) = preSolution
		HideSolutionNode = FALSE
	EndGlobalSection
	GlobalSection(ExtensibilityGlobals) = postSolution
		SolutionGuid = {598C90C4-D999-45AF-BC3C-21461B05479B}
	EndGlobalSection
EndGlobal
